
Microsoft Visual Studio Solution File, Format Version 12.00
# Visual Studio Version 16
VisualStudioVersion = 16.0.30330.147
MinimumVisualStudioVersion = 10.0.40219.1
Project("{FAE04EC0-301F-11D3-BF4B-00C04F79EFBC}") = "TestDrive", "TestDrive\TestDrive\TestDrive.csproj", "{355AE84F-7CFE-4BC9-9AC8-172AA66ECA5A}"
EndProject
Project("{FAE04EC0-301F-11D3-BF4B-00C04F79EFBC}") = "TestDrive.Android", "TestDrive\TestDrive.Android\TestDrive.Android.csproj", "{EBCD1FDF-44E9-4A5F-A3A3-4ACD4D62EAF1}"
EndProject
Global
	GlobalSection(SolutionConfigurationPlatforms) = preSolution
		Debug|Any CPU = Debug|Any CPU
		Release|Any CPU = Release|Any CPU
	EndGlobalSection
	GlobalSection(ProjectConfigurationPlatforms) = postSolution
		{355AE84F-7CFE-4BC9-9AC8-172AA66ECA5A}.Debug|Any CPU.ActiveCfg = Debug|Any CPU
		{355AE84F-7CFE-4BC9-9AC8-172AA66ECA5A}.Debug|Any CPU.Build.0 = Debug|Any CPU
		{355AE84F-7CFE-4BC9-9AC8-172AA66ECA5A}.Release|Any CPU.ActiveCfg = Release|Any CPU
		{355AE84F-7CFE-4BC9-9AC8-172AA66ECA5A}.Release|Any CPU.Build.0 = Release|Any CPU
		{EBCD1FDF-44E9-4A5F-A3A3-4ACD4D62EAF1}.Debug|Any CPU.ActiveCfg = Debug|Any CPU
		{EBCD1FDF-44E9-4A5F-A3A3-4ACD4D62EAF1}.Debug|Any CPU.Build.0 = Debug|Any CPU
		{EBCD1FDF-44E9-4A5F-A3A3-4ACD4D62EAF1}.Debug|Any CPU.Deploy.0 = Debug|Any CPU
		{EBCD1FDF-44E9-4A5F-A3A3-4ACD4D62EAF1}.Release|Any CPU.ActiveCfg = Release|Any CPU
		{EBCD1FDF-44E9-4A5F-A3A3-4ACD4D62EAF1}.Release|Any CPU.Build.0 = Release|Any CPU
		{EBCD1FDF-44E9-4A5F-A3A3-4ACD4D62EAF1}.Release|Any CPU.Deploy.0 = Release|Any CPU
	EndGlobalSection
	GlobalSection(SolutionProperties) = preSolution
		HideSolutionNode = FALSE
	EndGlobalSection
	GlobalSection(ExtensibilityGlobals) = postSolution
		SolutionGuid = {A2F19567-1ABA-4DC5-A4A3-CCB0E41D669A}
	EndGlobalSection
EndGlobal
